// !$*UTF8*$!
{
	archiveVersion = 1;
	classes = {
	};
	objectVersion = 77;
	objects = {

/* Begin PBXBuildFile section */
		DD640E782E07F00D00F413FF /* Kingfisher in Frameworks */ = {isa = PBXBuildFile; productRef = DD640E772E07F00D00F413FF /* Kingfisher */; };
		DD640E862E07F52C00F413FF /* Swinject in Frameworks */ = {isa = PBXBuildFile; productRef = DD640E852E07F52C00F413FF /* Swinject */; };
		DD640E882E07F52C00F413FF /* Swinject-Dynamic in Frameworks */ = {isa = PBXBuildFile; productRef = DD640E872E07F52C00F413FF /* Swinject-Dynamic */; };
		DD640E8B2E07F68400F413FF /* CombineMoya in Frameworks */ = {isa = PBXBuildFile; productRef = DD640E8A2E07F68400F413FF /* CombineMoya */; };
		DD640E8D2E07F68400F413FF /* Moya in Frameworks */ = {isa = PBXBuildFile; productRef = DD640E8C2E07F68400F413FF /* Moya */; };
		DD640E8F2E07F68400F413FF /* ReactiveMoya in Frameworks */ = {isa = PBXBuildFile; productRef = DD640E8E2E07F68400F413FF /* ReactiveMoya */; };
		DD640E912E07F68400F413FF /* RxMoya in Frameworks */ = {isa = PBXBuildFile; productRef = DD640E902E07F68400F413FF /* RxMoya */; };
		DD640E942E081A9700F413FF /* SwiftLintFramework in Frameworks */ = {isa = PBXBuildFile; productRef = DD640E932E081A9700F413FF /* SwiftLintFramework */; };
		DD640E962E081A9700F413FF /* swiftlint in Frameworks */ = {isa = PBXBuildFile; productRef = DD640E952E081A9700F413FF /* swiftlint */; };
		DD640EA02E08264500F413FF /* PackageDescription in Frameworks */ = {isa = PBXBuildFile; productRef = DD640E9F2E08264500F413FF /* PackageDescription */; };
		DD640EA22E08264500F413FF /* SwiftPM in Frameworks */ = {isa = PBXBuildFile; productRef = DD640EA12E08264500F413FF /* SwiftPM */; };
		DD640EA42E08264500F413FF /* SwiftPM-auto in Frameworks */ = {isa = PBXBuildFile; productRef = DD640EA32E08264500F413FF /* SwiftPM-auto */; settings = {ATTRIBUTES = (Required, ); }; };
/* End PBXBuildFile section */

/* Begin PBXFileReference section */
		DD640E5E2E07EE2900F413FF /* VolleyBolley.app */ = {isa = PBXFileReference; explicitFileType = wrapper.application; includeInIndex = 0; path = VolleyBolley.app; sourceTree = BUILT_PRODUCTS_DIR; };
/* End PBXFileReference section */

/* Begin PBXFileSystemSynchronizedBuildFileExceptionSet section */
		DD640E702E07EE2B00F413FF /* Exceptions for "VolleyBolley" folder in "VolleyBolley" target */ = {
			isa = PBXFileSystemSynchronizedBuildFileExceptionSet;
			membershipExceptions = (
				Info.plist,
			);
			target = DD640E5D2E07EE2900F413FF /* VolleyBolley */;
		};
/* End PBXFileSystemSynchronizedBuildFileExceptionSet section */

/* Begin PBXFileSystemSynchronizedRootGroup section */
		DD640E602E07EE2900F413FF /* VolleyBolley */ = {
			isa = PBXFileSystemSynchronizedRootGroup;
			exceptions = (
				DD640E702E07EE2B00F413FF /* Exceptions for "VolleyBolley" folder in "VolleyBolley" target */,
			);
			path = VolleyBolley;
			sourceTree = "<group>";
		};
/* End PBXFileSystemSynchronizedRootGroup section */

/* Begin PBXFrameworksBuildPhase section */
		DD640E5B2E07EE2900F413FF /* Frameworks */ = {
			isa = PBXFrameworksBuildPhase;
			buildActionMask = 2147483647;
			files = (
				DD640EA42E08264500F413FF /* SwiftPM-auto in Frameworks */,
				DD640E882E07F52C00F413FF /* Swinject-Dynamic in Frameworks */,
				DD640E962E081A9700F413FF /* swiftlint in Frameworks */,
				DD640E782E07F00D00F413FF /* Kingfisher in Frameworks */,
				DD640E8B2E07F68400F413FF /* CombineMoya in Frameworks */,
				DD640EA02E08264500F413FF /* PackageDescription in Frameworks */,
				DD640EA22E08264500F413FF /* SwiftPM in Frameworks */,
				DD640E8D2E07F68400F413FF /* Moya in Frameworks */,
				DD640E942E081A9700F413FF /* SwiftLintFramework in Frameworks */,
				DD640E912E07F68400F413FF /* RxMoya in Frameworks */,
				DD640E862E07F52C00F413FF /* Swinject in Frameworks */,
				DD640E8F2E07F68400F413FF /* ReactiveMoya in Frameworks */,
			);
			runOnlyForDeploymentPostprocessing = 0;
		};
/* End PBXFrameworksBuildPhase section */

/* Begin PBXGroup section */
		DD640E552E07EE2900F413FF = {
			isa = PBXGroup;
			children = (
				DD640E602E07EE2900F413FF /* VolleyBolley */,
				DD640E5F2E07EE2900F413FF /* Products */,
			);
			sourceTree = "<group>";
		};
		DD640E5F2E07EE2900F413FF /* Products */ = {
			isa = PBXGroup;
			children = (
				DD640E5E2E07EE2900F413FF /* VolleyBolley.app */,
			);
			name = Products;
			sourceTree = "<group>";
		};
/* End PBXGroup section */

/* Begin PBXNativeTarget section */
		DD640E5D2E07EE2900F413FF /* VolleyBolley */ = {
			isa = PBXNativeTarget;
			buildConfigurationList = DD640E712E07EE2B00F413FF /* Build configuration list for PBXNativeTarget "VolleyBolley" */;
			buildPhases = (
				DD640E5A2E07EE2900F413FF /* Sources */,
				DD640E5B2E07EE2900F413FF /* Frameworks */,
				DD640E5C2E07EE2900F413FF /* Resources */,
			);
			buildRules = (
			);
			dependencies = (
			);
			fileSystemSynchronizedGroups = (
				DD640E602E07EE2900F413FF /* VolleyBolley */,
			);
			name = VolleyBolley;
			packageProductDependencies = (
				DD640E772E07F00D00F413FF /* Kingfisher */,
				DD640E852E07F52C00F413FF /* Swinject */,
				DD640E872E07F52C00F413FF /* Swinject-Dynamic */,
				DD640E8A2E07F68400F413FF /* CombineMoya */,
				DD640E8C2E07F68400F413FF /* Moya */,
				DD640E8E2E07F68400F413FF /* ReactiveMoya */,
				DD640E902E07F68400F413FF /* RxMoya */,
				DD640E932E081A9700F413FF /* SwiftLintFramework */,
				DD640E952E081A9700F413FF /* swiftlint */,
				DD640E9F2E08264500F413FF /* PackageDescription */,
				DD640EA12E08264500F413FF /* SwiftPM */,
				DD640EA32E08264500F413FF /* SwiftPM-auto */,
			);
			productName = VolleyBolley;
			productReference = DD640E5E2E07EE2900F413FF /* VolleyBolley.app */;
			productType = "com.apple.product-type.application";
		};
/* End PBXNativeTarget section */

/* Begin PBXProject section */
		DD640E562E07EE2900F413FF /* Project object */ = {
			isa = PBXProject;
			attributes = {
				BuildIndependentTargetsInParallel = 1;
				LastSwiftUpdateCheck = 1640;
				LastUpgradeCheck = 1640;
				TargetAttributes = {
					DD640E5D2E07EE2900F413FF = {
						CreatedOnToolsVersion = 16.4;
					};
				};
			};
			buildConfigurationList = DD640E592E07EE2900F413FF /* Build configuration list for PBXProject "VolleyBolley" */;
			developmentRegion = en;
			hasScannedForEncodings = 0;
			knownRegions = (
				en,
				Base,
			);
			mainGroup = DD640E552E07EE2900F413FF;
			minimizedProjectReferenceProxies = 1;
			packageReferences = (
				DD640E762E07F00D00F413FF /* XCRemoteSwiftPackageReference "Kingfisher" */,
				DD640E842E07F52C00F413FF /* XCRemoteSwiftPackageReference "Swinject" */,
				DD640E892E07F68400F413FF /* XCRemoteSwiftPackageReference "Moya" */,
				DD640E922E081A9700F413FF /* XCRemoteSwiftPackageReference "SwiftLint" */,
				DD640E9E2E08264500F413FF /* XCRemoteSwiftPackageReference "swift-package-manager" */,
			);
			preferredProjectObjectVersion = 77;
			productRefGroup = DD640E5F2E07EE2900F413FF /* Products */;
			projectDirPath = "";
			projectRoot = "";
			targets = (
				DD640E5D2E07EE2900F413FF /* VolleyBolley */,
			);
		};
/* End PBXProject section */

/* Begin PBXResourcesBuildPhase section */
		DD640E5C2E07EE2900F413FF /* Resources */ = {
			isa = PBXResourcesBuildPhase;
			buildActionMask = 2147483647;
			files = (
			);
			runOnlyForDeploymentPostprocessing = 0;
		};
/* End PBXResourcesBuildPhase section */

/* Begin PBXSourcesBuildPhase section */
		DD640E5A2E07EE2900F413FF /* Sources */ = {
			isa = PBXSourcesBuildPhase;
			buildActionMask = 2147483647;
			files = (
			);
			runOnlyForDeploymentPostprocessing = 0;
		};
/* End PBXSourcesBuildPhase section */

/* Begin XCBuildConfiguration section */
		DD640E722E07EE2B00F413FF /* Debug */ = {
			isa = XCBuildConfiguration;
			buildSettings = {
				ASSETCATALOG_COMPILER_APPICON_NAME = AppIcon;
				ASSETCATALOG_COMPILER_GLOBAL_ACCENT_COLOR_NAME = AccentColor;
				CODE_SIGN_STYLE = Automatic;
				CURRENT_PROJECT_VERSION = 1;
				DEVELOPMENT_TEAM = "";
				GENERATE_INFOPLIST_FILE = YES;
				INFOPLIST_FILE = VolleyBolley/Info.plist;
				INFOPLIST_KEY_UIApplicationSupportsIndirectInputEvents = YES;
				INFOPLIST_KEY_UILaunchStoryboardName = LaunchScreen;
				INFOPLIST_KEY_UIStatusBarStyle = "";
				INFOPLIST_KEY_UISupportedInterfaceOrientations_iPad = "UIInterfaceOrientationPortrait UIInterfaceOrientationPortraitUpsideDown UIInterfaceOrientationLandscapeLeft UIInterfaceOrientationLandscapeRight";
				INFOPLIST_KEY_UISupportedInterfaceOrientations_iPhone = "UIInterfaceOrientationPortrait UIInterfaceOrientationLandscapeLeft UIInterfaceOrientationLandscapeRight";
				IPHONEOS_DEPLOYMENT_TARGET = 16.6;
				LD_RUNPATH_SEARCH_PATHS = (
					"$(inherited)",
					"@executable_path/Frameworks",
				);
				MARKETING_VERSION = 1.0;
				PRODUCT_BUNDLE_IDENTIFIER = com.github.VolleyBolley;
				PRODUCT_NAME = "$(TARGET_NAME)";
				SUPPORTED_PLATFORMS = "iphoneos iphonesimulator";
				SUPPORTS_MACCATALYST = NO;
				SUPPORTS_XR_DESIGNED_FOR_IPHONE_IPAD = NO;
				SWIFT_EMIT_LOC_STRINGS = YES;
				SWIFT_VERSION = 5.0;
				TARGETED_DEVICE_FAMILY = "1,2";
			};
			name = Debug;
		};
		DD640E732E07EE2B00F413FF /* Release */ = {
			isa = XCBuildConfiguration;
			buildSettings = {
				ASSETCATALOG_COMPILER_APPICON_NAME = AppIcon;
				ASSETCATALOG_COMPILER_GLOBAL_ACCENT_COLOR_NAME = AccentColor;
				CODE_SIGN_STYLE = Automatic;
				CURRENT_PROJECT_VERSION = 1;
				DEVELOPMENT_TEAM = "";
				GENERATE_INFOPLIST_FILE = YES;
				INFOPLIST_FILE = VolleyBolley/Info.plist;
				INFOPLIST_KEY_UIApplicationSupportsIndirectInputEvents = YES;
				INFOPLIST_KEY_UILaunchStoryboardName = LaunchScreen;
				INFOPLIST_KEY_UIStatusBarStyle = "";
				INFOPLIST_KEY_UISupportedInterfaceOrientations_iPad = "UIInterfaceOrientationPortrait UIInterfaceOrientationPortraitUpsideDown UIInterfaceOrientationLandscapeLeft UIInterfaceOrientationLandscapeRight";
				INFOPLIST_KEY_UISupportedInterfaceOrientations_iPhone = "UIInterfaceOrientationPortrait UIInterfaceOrientationLandscapeLeft UIInterfaceOrientationLandscapeRight";
				IPHONEOS_DEPLOYMENT_TARGET = 16.6;
				LD_RUNPATH_SEARCH_PATHS = (
					"$(inherited)",
					"@executable_path/Frameworks",
				);
				MARKETING_VERSION = 1.0;
				PRODUCT_BUNDLE_IDENTIFIER = com.github.VolleyBolley;
				PRODUCT_NAME = "$(TARGET_NAME)";
				SUPPORTED_PLATFORMS = "iphoneos iphonesimulator";
				SUPPORTS_MACCATALYST = NO;
				SUPPORTS_XR_DESIGNED_FOR_IPHONE_IPAD = NO;
				SWIFT_EMIT_LOC_STRINGS = YES;
				SWIFT_VERSION = 5.0;
				TARGETED_DEVICE_FAMILY = "1,2";
			};
			name = Release;
		};
		DD640E742E07EE2B00F413FF /* Debug */ = {
			isa = XCBuildConfiguration;
			buildSettings = {
				ALWAYS_SEARCH_USER_PATHS = NO;
				ASSETCATALOG_COMPILER_GENERATE_SWIFT_ASSET_SYMBOL_EXTENSIONS = YES;
				CLANG_ANALYZER_NONNULL = YES;
				CLANG_ANALYZER_NUMBER_OBJECT_CONVERSION = YES_AGGRESSIVE;
				CLANG_CXX_LANGUAGE_STANDARD = "gnu++20";
				CLANG_ENABLE_MODULES = YES;
				CLANG_ENABLE_OBJC_ARC = YES;
				CLANG_ENABLE_OBJC_WEAK = YES;
				CLANG_WARN_BLOCK_CAPTURE_AUTORELEASING = YES;
				CLANG_WARN_BOOL_CONVERSION = YES;
				CLANG_WARN_COMMA = YES;
				CLANG_WARN_CONSTANT_CONVERSION = YES;
				CLANG_WARN_DEPRECATED_OBJC_IMPLEMENTATIONS = YES;
				CLANG_WARN_DIRECT_OBJC_ISA_USAGE = YES_ERROR;
				CLANG_WARN_DOCUMENTATION_COMMENTS = YES;
				CLANG_WARN_EMPTY_BODY = YES;
				CLANG_WARN_ENUM_CONVERSION = YES;
				CLANG_WARN_INFINITE_RECURSION = YES;
				CLANG_WARN_INT_CONVERSION = YES;
				CLANG_WARN_NON_LITERAL_NULL_CONVERSION = YES;
				CLANG_WARN_OBJC_IMPLICIT_RETAIN_SELF = YES;
				CLANG_WARN_OBJC_LITERAL_CONVERSION = YES;
				CLANG_WARN_OBJC_ROOT_CLASS = YES_ERROR;
				CLANG_WARN_QUOTED_INCLUDE_IN_FRAMEWORK_HEADER = YES;
				CLANG_WARN_RANGE_LOOP_ANALYSIS = YES;
				CLANG_WARN_STRICT_PROTOTYPES = YES;
				CLANG_WARN_SUSPICIOUS_MOVE = YES;
				CLANG_WARN_UNGUARDED_AVAILABILITY = YES_AGGRESSIVE;
				CLANG_WARN_UNREACHABLE_CODE = YES;
				CLANG_WARN__DUPLICATE_METHOD_MATCH = YES;
				COPY_PHASE_STRIP = NO;
				DEBUG_INFORMATION_FORMAT = dwarf;
				ENABLE_STRICT_OBJC_MSGSEND = YES;
				ENABLE_TESTABILITY = YES;
				ENABLE_USER_SCRIPT_SANDBOXING = YES;
				GCC_C_LANGUAGE_STANDARD = gnu17;
				GCC_DYNAMIC_NO_PIC = NO;
				GCC_NO_COMMON_BLOCKS = YES;
				GCC_OPTIMIZATION_LEVEL = 0;
				GCC_PREPROCESSOR_DEFINITIONS = (
					"DEBUG=1",
					"$(inherited)",
				);
				GCC_WARN_64_TO_32_BIT_CONVERSION = YES;
				GCC_WARN_ABOUT_RETURN_TYPE = YES_ERROR;
				GCC_WARN_UNDECLARED_SELECTOR = YES;
				GCC_WARN_UNINITIALIZED_AUTOS = YES_AGGRESSIVE;
				GCC_WARN_UNUSED_FUNCTION = YES;
				GCC_WARN_UNUSED_VARIABLE = YES;
				IPHONEOS_DEPLOYMENT_TARGET = 16.6;
				LOCALIZATION_PREFERS_STRING_CATALOGS = YES;
				MTL_ENABLE_DEBUG_INFO = INCLUDE_SOURCE;
				MTL_FAST_MATH = YES;
				ONLY_ACTIVE_ARCH = YES;
				SDKROOT = iphoneos;
				SWIFT_ACTIVE_COMPILATION_CONDITIONS = "DEBUG $(inherited)";
				SWIFT_OPTIMIZATION_LEVEL = "-Onone";
			};
			name = Debug;
		};
		DD640E752E07EE2B00F413FF /* Release */ = {
			isa = XCBuildConfiguration;
			buildSettings = {
				ALWAYS_SEARCH_USER_PATHS = NO;
				ASSETCATALOG_COMPILER_GENERATE_SWIFT_ASSET_SYMBOL_EXTENSIONS = YES;
				CLANG_ANALYZER_NONNULL = YES;
				CLANG_ANALYZER_NUMBER_OBJECT_CONVERSION = YES_AGGRESSIVE;
				CLANG_CXX_LANGUAGE_STANDARD = "gnu++20";
				CLANG_ENABLE_MODULES = YES;
				CLANG_ENABLE_OBJC_ARC = YES;
				CLANG_ENABLE_OBJC_WEAK = YES;
				CLANG_WARN_BLOCK_CAPTURE_AUTORELEASING = YES;
				CLANG_WARN_BOOL_CONVERSION = YES;
				CLANG_WARN_COMMA = YES;
				CLANG_WARN_CONSTANT_CONVERSION = YES;
				CLANG_WARN_DEPRECATED_OBJC_IMPLEMENTATIONS = YES;
				CLANG_WARN_DIRECT_OBJC_ISA_USAGE = YES_ERROR;
				CLANG_WARN_DOCUMENTATION_COMMENTS = YES;
				CLANG_WARN_EMPTY_BODY = YES;
				CLANG_WARN_ENUM_CONVERSION = YES;
				CLANG_WARN_INFINITE_RECURSION = YES;
				CLANG_WARN_INT_CONVERSION = YES;
				CLANG_WARN_NON_LITERAL_NULL_CONVERSION = YES;
				CLANG_WARN_OBJC_IMPLICIT_RETAIN_SELF = YES;
				CLANG_WARN_OBJC_LITERAL_CONVERSION = YES;
				CLANG_WARN_OBJC_ROOT_CLASS = YES_ERROR;
				CLANG_WARN_QUOTED_INCLUDE_IN_FRAMEWORK_HEADER = YES;
				CLANG_WARN_RANGE_LOOP_ANALYSIS = YES;
				CLANG_WARN_STRICT_PROTOTYPES = YES;
				CLANG_WARN_SUSPICIOUS_MOVE = YES;
				CLANG_WARN_UNGUARDED_AVAILABILITY = YES_AGGRESSIVE;
				CLANG_WARN_UNREACHABLE_CODE = YES;
				CLANG_WARN__DUPLICATE_METHOD_MATCH = YES;
				COPY_PHASE_STRIP = NO;
				DEBUG_INFORMATION_FORMAT = "dwarf-with-dsym";
				ENABLE_NS_ASSERTIONS = NO;
				ENABLE_STRICT_OBJC_MSGSEND = YES;
				ENABLE_USER_SCRIPT_SANDBOXING = YES;
				GCC_C_LANGUAGE_STANDARD = gnu17;
				GCC_NO_COMMON_BLOCKS = YES;
				GCC_WARN_64_TO_32_BIT_CONVERSION = YES;
				GCC_WARN_ABOUT_RETURN_TYPE = YES_ERROR;
				GCC_WARN_UNDECLARED_SELECTOR = YES;
				GCC_WARN_UNINITIALIZED_AUTOS = YES_AGGRESSIVE;
				GCC_WARN_UNUSED_FUNCTION = YES;
				GCC_WARN_UNUSED_VARIABLE = YES;
				IPHONEOS_DEPLOYMENT_TARGET = 16.6;
				LOCALIZATION_PREFERS_STRING_CATALOGS = YES;
				MTL_ENABLE_DEBUG_INFO = NO;
				MTL_FAST_MATH = YES;
				SDKROOT = iphoneos;
				SWIFT_COMPILATION_MODE = wholemodule;
				VALIDATE_PRODUCT = YES;
			};
			name = Release;
		};
/* End XCBuildConfiguration section */

/* Begin XCConfigurationList section */
		DD640E592E07EE2900F413FF /* Build configuration list for PBXProject "VolleyBolley" */ = {
			isa = XCConfigurationList;
			buildConfigurations = (
				DD640E742E07EE2B00F413FF /* Debug */,
				DD640E752E07EE2B00F413FF /* Release */,
			);
			defaultConfigurationIsVisible = 0;
			defaultConfigurationName = Release;
		};
		DD640E712E07EE2B00F413FF /* Build configuration list for PBXNativeTarget "VolleyBolley" */ = {
			isa = XCConfigurationList;
			buildConfigurations = (
				DD640E722E07EE2B00F413FF /* Debug */,
				DD640E732E07EE2B00F413FF /* Release */,
			);
			defaultConfigurationIsVisible = 0;
			defaultConfigurationName = Release;
		};
/* End XCConfigurationList section */

/* Begin XCRemoteSwiftPackageReference section */
		DD640E762E07F00D00F413FF /* XCRemoteSwiftPackageReference "Kingfisher" */ = {
			isa = XCRemoteSwiftPackageReference;
			repositoryURL = "https://github.com/onevcat/Kingfisher";
			requirement = {
				kind = exactVersion;
				version = 8.3.3;
			};
		};
		DD640E842E07F52C00F413FF /* XCRemoteSwiftPackageReference "Swinject" */ = {
			isa = XCRemoteSwiftPackageReference;
			repositoryURL = "https://github.com/Swinject/Swinject";
			requirement = {
				kind = exactVersion;
				version = 2.9.1;
			};
		};
		DD640E892E07F68400F413FF /* XCRemoteSwiftPackageReference "Moya" */ = {
			isa = XCRemoteSwiftPackageReference;
			repositoryURL = "https://github.com/Moya/Moya";
			requirement = {
				kind = exactVersion;
				version = 15.0.3;
			};
		};
		DD640E922E081A9700F413FF /* XCRemoteSwiftPackageReference "SwiftLint" */ = {
			isa = XCRemoteSwiftPackageReference;
			repositoryURL = "https://github.com/realm/SwiftLint";
			requirement = {
				kind = exactVersion;
				version = 0.59.1;
			};
		};
		DD640E9E2E08264500F413FF /* XCRemoteSwiftPackageReference "swift-package-manager" */ = {
			isa = XCRemoteSwiftPackageReference;
			repositoryURL = "https://github.com/swiftlang/swift-package-manager";
			requirement = {
				kind = exactVersion;
				version = 0.6.0;
			};
		};
/* End XCRemoteSwiftPackageReference section */

/* Begin XCSwiftPackageProductDependency section */
		DD640E772E07F00D00F413FF /* Kingfisher */ = {
			isa = XCSwiftPackageProductDependency;
			package = DD640E762E07F00D00F413FF /* XCRemoteSwiftPackageReference "Kingfisher" */;
			productName = Kingfisher;
		};
		DD640E852E07F52C00F413FF /* Swinject */ = {
			isa = XCSwiftPackageProductDependency;
			package = DD640E842E07F52C00F413FF /* XCRemoteSwiftPackageReference "Swinject" */;
			productName = Swinject;
		};
		DD640E872E07F52C00F413FF /* Swinject-Dynamic */ = {
			isa = XCSwiftPackageProductDependency;
			package = DD640E842E07F52C00F413FF /* XCRemoteSwiftPackageReference "Swinject" */;
			productName = "Swinject-Dynamic";
		};
		DD640E8A2E07F68400F413FF /* CombineMoya */ = {
			isa = XCSwiftPackageProductDependency;
			package = DD640E892E07F68400F413FF /* XCRemoteSwiftPackageReference "Moya" */;
			productName = CombineMoya;
		};
		DD640E8C2E07F68400F413FF /* Moya */ = {
			isa = XCSwiftPackageProductDependency;
			package = DD640E892E07F68400F413FF /* XCRemoteSwiftPackageReference "Moya" */;
			productName = Moya;
		};
		DD640E8E2E07F68400F413FF /* ReactiveMoya */ = {
			isa = XCSwiftPackageProductDependency;
			package = DD640E892E07F68400F413FF /* XCRemoteSwiftPackageReference "Moya" */;
			productName = ReactiveMoya;
		};
		DD640E902E07F68400F413FF /* RxMoya */ = {
			isa = XCSwiftPackageProductDependency;
			package = DD640E892E07F68400F413FF /* XCRemoteSwiftPackageReference "Moya" */;
			productName = RxMoya;
		};
		DD640E932E081A9700F413FF /* SwiftLintFramework */ = {
			isa = XCSwiftPackageProductDependency;
			package = DD640E922E081A9700F413FF /* XCRemoteSwiftPackageReference "SwiftLint" */;
			productName = SwiftLintFramework;
		};
		DD640E952E081A9700F413FF /* swiftlint */ = {
			isa = XCSwiftPackageProductDependency;
			package = DD640E922E081A9700F413FF /* XCRemoteSwiftPackageReference "SwiftLint" */;
			productName = swiftlint;
		};
		DD640E9F2E08264500F413FF /* PackageDescription */ = {
			isa = XCSwiftPackageProductDependency;
			package = DD640E9E2E08264500F413FF /* XCRemoteSwiftPackageReference "swift-package-manager" */;
			productName = PackageDescription;
		};
		DD640EA12E08264500F413FF /* SwiftPM */ = {
			isa = XCSwiftPackageProductDependency;
			package = DD640E9E2E08264500F413FF /* XCRemoteSwiftPackageReference "swift-package-manager" */;
			productName = SwiftPM;
		};
		DD640EA32E08264500F413FF /* SwiftPM-auto */ = {
			isa = XCSwiftPackageProductDependency;
			package = DD640E9E2E08264500F413FF /* XCRemoteSwiftPackageReference "swift-package-manager" */;
			productName = "SwiftPM-auto";
		};
/* End XCSwiftPackageProductDependency section */
	};
	rootObject = DD640E562E07EE2900F413FF /* Project object */;
}
